
Microsoft Visual Studio Solution File, Format Version 12.00
# Visual Studio 2013
VisualStudioVersion = 12.0.31101.0
MinimumVisualStudioVersion = 10.0.40219.1
Project("{FAE04EC0-301F-11D3-BF4B-00C04F79EFBC}") = "ImportFromWord", "ImportFromWord\ImportFromWord.csproj", "{3979A1F7-232F-4F08-BFCB-A4D20E4C2071}"
EndProject
Project("{FAE04EC0-301F-11D3-BF4B-00C04F79EFBC}") = "Texxtoor.BaseLibrary.Core", "..\..\Texxtoor\Solution\Texxtoor.BaseLibrary.Core\Texxtoor.BaseLibrary.Core.csproj", "{307FEABA-C5A1-47B8-A0B5-0B56D982F570}"
EndProject
Global
	GlobalSection(TeamFoundationVersionControl) = preSolution
		SccNumberOfProjects = 1
		SccEnterpriseProvider = {4CA58AB2-18FA-4F8D-95D4-32DDF27D184C}
		SccTeamFoundationServer = https://texxtoor.visualstudio.com/defaultcollection
		SccProjectUniqueName0 = ..\\..\\Texxtoor\\Solution\\Texxtoor.BaseLibrary.Core\\Texxtoor.BaseLibrary.Core.csproj
		SccProjectName0 = ../Texxtoor\u0020Portal/Texxtoor.BaseLibrary.Core
		SccAuxPath0 = https://texxtoor.visualstudio.com/defaultcollection
		SccLocalPath0 = ..\\..\\Texxtoor\\Solution\\Texxtoor.BaseLibrary.Core
		SccProvider0 = {4CA58AB2-18FA-4F8D-95D4-32DDF27D184C}
	EndGlobalSection
	GlobalSection(SolutionConfigurationPlatforms) = preSolution
		Debug|Any CPU = Debug|Any CPU
		Release|Any CPU = Release|Any CPU
	EndGlobalSection
	GlobalSection(ProjectConfigurationPlatforms) = postSolution
		{3979A1F7-232F-4F08-BFCB-A4D20E4C2071}.Debug|Any CPU.ActiveCfg = Debug|Any CPU
		{3979A1F7-232F-4F08-BFCB-A4D20E4C2071}.Debug|Any CPU.Build.0 = Debug|Any CPU
		{3979A1F7-232F-4F08-BFCB-A4D20E4C2071}.Release|Any CPU.ActiveCfg = Release|Any CPU
		{3979A1F7-232F-4F08-BFCB-A4D20E4C2071}.Release|Any CPU.Build.0 = Release|Any CPU
		{307FEABA-C5A1-47B8-A0B5-0B56D982F570}.Debug|Any CPU.ActiveCfg = Debug|Any CPU
		{307FEABA-C5A1-47B8-A0B5-0B56D982F570}.Debug|Any CPU.Build.0 = Debug|Any CPU
		{307FEABA-C5A1-47B8-A0B5-0B56D982F570}.Release|Any CPU.ActiveCfg = Release|Any CPU
		{307FEABA-C5A1-47B8-A0B5-0B56D982F570}.Release|Any CPU.Build.0 = Release|Any CPU
	EndGlobalSection
	GlobalSection(SolutionProperties) = preSolution
		HideSolutionNode = FALSE
	EndGlobalSection
EndGlobal
