
Microsoft Visual Studio Solution File, Format Version 12.00
# Visual Studio 14
VisualStudioVersion = 14.0.22823.1
MinimumVisualStudioVersion = 10.0.40219.1
Project("{2150E333-8FDC-42A3-9474-1A3956D46DE8}") = "Importer", "Importer", "{D97A0220-A78C-4F3B-949F-070787EDBD06}"
EndProject
Project("{2150E333-8FDC-42A3-9474-1A3956D46DE8}") = "Services", "Services", "{208C88DC-B916-4F8B-B55E-276634783F25}"
EndProject
Project("{2150E333-8FDC-42A3-9474-1A3956D46DE8}") = "Libs", "Libs", "{4D55C32E-ED9B-431E-8AFF-D4AA981D37E6}"
EndProject
Project("{2150E333-8FDC-42A3-9474-1A3956D46DE8}") = "Initializer", "Initializer", "{0C1C4564-9F4E-458C-A1C6-B5AE7188EBFC}"
EndProject
Project("{2150E333-8FDC-42A3-9474-1A3956D46DE8}") = "Test", "Test", "{8CA0D4AE-3DE2-4FC0-AE79-E756C60EBA63}"
EndProject
Project("{2150E333-8FDC-42A3-9474-1A3956D46DE8}") = "Solution Items", "Solution Items", "{95A9B213-2B4E-4722-B70E-BAC7A409C590}"
	ProjectSection(SolutionItems) = preProject
		Local.testsettings = Local.testsettings
		Texxtoor.Solution.vsmdi = Texxtoor.Solution.vsmdi
		TraceAndTestImpact.testsettings = TraceAndTestImpact.testsettings
		WebEssentials-Settings.json = WebEssentials-Settings.json
		WebEssentials2015-Settings.json = WebEssentials2015-Settings.json
	EndProjectSection
EndProject
Project("{2150E333-8FDC-42A3-9474-1A3956D46DE8}") = ".nuget", ".nuget", "{854DF409-8BDF-4351-978A-05B028B74A21}"
	ProjectSection(SolutionItems) = preProject
		.nuget\NuGet.Config = .nuget\NuGet.Config
		.nuget\NuGet.exe = .nuget\NuGet.exe
		.nuget\NuGet.targets = .nuget\NuGet.targets
	EndProjectSection
EndProject
Project("{2150E333-8FDC-42A3-9474-1A3956D46DE8}") = "Unused Libs", "Unused Libs", "{0E0FD179-2383-4FF9-A4C9-03764BECA2A3}"
EndProject
Project("{FAE04EC0-301F-11D3-BF4B-00C04F79EFBC}") = "Texxtoor.Portal", "Texxtoor.Portal\Texxtoor.Portal.csproj", "{A137FCFF-0E4F-4971-8875-5837B591C166}"
	ProjectSection(ProjectDependencies) = postProject
		{307FEABA-C5A1-47B8-A0B5-0B56D982F570} = {307FEABA-C5A1-47B8-A0B5-0B56D982F570}
	EndProjectSection
EndProject
Project("{FAE04EC0-301F-11D3-BF4B-00C04F79EFBC}") = "Texxtoor.DataBase.Initializer", "DatabaseTest\Texxtoor.DataBase.Initializer.csproj", "{1CE8BAD2-395A-4393-A3D9-6F82C14B519A}"
EndProject
Project("{FAE04EC0-301F-11D3-BF4B-00C04F79EFBC}") = "Texxtoor.BaseLibrary.EPub", "Texxtoor.BaseLibrary.EBookReader\Texxtoor.BaseLibrary.EPub.csproj", "{9B39F2CE-1D0F-4E23-A179-827DD0F39214}"
	ProjectSection(ProjectDependencies) = postProject
		{307FEABA-C5A1-47B8-A0B5-0B56D982F570} = {307FEABA-C5A1-47B8-A0B5-0B56D982F570}
	EndProjectSection
EndProject
Project("{FAE04EC0-301F-11D3-BF4B-00C04F79EFBC}") = "Texxtoor.BaseLibrary.Globalization", "Texxtoor.BaseLibrary.Globalization\Texxtoor.BaseLibrary.Globalization.csproj", "{51DECE39-764C-4C32-A57A-D93A5FD9BD6A}"
	ProjectSection(ProjectDependencies) = postProject
		{307FEABA-C5A1-47B8-A0B5-0B56D982F570} = {307FEABA-C5A1-47B8-A0B5-0B56D982F570}
	EndProjectSection
EndProject
Project("{FAE04EC0-301F-11D3-BF4B-00C04F79EFBC}") = "Texxtoor.BaseLibrary.Mashup", "Texxtoor.BaseLibrary.Mashup\Texxtoor.BaseLibrary.Mashup.csproj", "{113204E6-5865-468E-A9E7-1B50F671BFE4}"
	ProjectSection(ProjectDependencies) = postProject
		{307FEABA-C5A1-47B8-A0B5-0B56D982F570} = {307FEABA-C5A1-47B8-A0B5-0B56D982F570}
	EndProjectSection
EndProject
Project("{FAE04EC0-301F-11D3-BF4B-00C04F79EFBC}") = "Texxtoor.BaseLibrary.Core", "Texxtoor.BaseLibrary.Core\Texxtoor.BaseLibrary.Core.csproj", "{307FEABA-C5A1-47B8-A0B5-0B56D982F570}"
EndProject
Project("{FAE04EC0-301F-11D3-BF4B-00C04F79EFBC}") = "Texxtoor.BaseLibrary.WordInterop", "Texxtoor.BaseLibrary.WordInterop\Texxtoor.BaseLibrary.WordInterop.csproj", "{407C596C-0BBA-4002-94B5-30CD80337DE7}"
EndProject
Project("{FAE04EC0-301F-11D3-BF4B-00C04F79EFBC}") = "Texxtoor.BusinessLayer", "Texxtoor.BusinessLayer\Texxtoor.BusinessLayer.csproj", "{280A2C48-203E-4C66-A63B-7AA571BD3D7E}"
	ProjectSection(ProjectDependencies) = postProject
		{307FEABA-C5A1-47B8-A0B5-0B56D982F570} = {307FEABA-C5A1-47B8-A0B5-0B56D982F570}
	EndProjectSection
EndProject
Project("{FAE04EC0-301F-11D3-BF4B-00C04F79EFBC}") = "Texxtoor.BaseLibrary.Pdf", "Texxtoor.BaseLibrary.Pdf\Texxtoor.BaseLibrary.Pdf.csproj", "{64A7B660-B967-491F-BC36-BF5A8D3E1E55}"
	ProjectSection(ProjectDependencies) = postProject
		{307FEABA-C5A1-47B8-A0B5-0B56D982F570} = {307FEABA-C5A1-47B8-A0B5-0B56D982F570}
	EndProjectSection
EndProject
Project("{FAE04EC0-301F-11D3-BF4B-00C04F79EFBC}") = "Texxtoor.BaseLibrary.SqLite", "Texxtoor.BaseLibrary.SqLite\Texxtoor.BaseLibrary.SqLite.csproj", "{4091ACDB-4DA2-4DF8-917D-5F99C62DFFAF}"
	ProjectSection(ProjectDependencies) = postProject
		{307FEABA-C5A1-47B8-A0B5-0B56D982F570} = {307FEABA-C5A1-47B8-A0B5-0B56D982F570}
	EndProjectSection
EndProject
Project("{FAE04EC0-301F-11D3-BF4B-00C04F79EFBC}") = "Texxtoor.BaseLibrary.StaticResources", "Texxtoor.BaseLibrary.StaticResources\Texxtoor.BaseLibrary.StaticResources.csproj", "{11BA5334-07FC-4497-9298-98BF7718E15E}"
EndProject
Project("{FAE04EC0-301F-11D3-BF4B-00C04F79EFBC}") = "Texxtoor.BusinessLayer.Workflows", "Texxtoor.BusinessLayer.Workflows\Texxtoor.BusinessLayer.Workflows.csproj", "{98EC024C-6439-44B1-8B1E-29E457B2201F}"
EndProject
Project("{FAE04EC0-301F-11D3-BF4B-00C04F79EFBC}") = "Texxtoor.BaseLibrary.HtmlExtensions", "Texxtoor.BaseLibrary.HtmlExtensions\Texxtoor.BaseLibrary.HtmlExtensions.csproj", "{2D08EB1C-9FD0-4FBF-825A-D4058E0415AF}"
EndProject
Project("{FAE04EC0-301F-11D3-BF4B-00C04F79EFBC}") = "Texxtoor.ViewModels", "Texxtoor.ViewModels\Texxtoor.ViewModels.csproj", "{5D3B2C98-5841-4264-8EA4-3E44054EEC1B}"
EndProject
Project("{FAE04EC0-301F-11D3-BF4B-00C04F79EFBC}") = "Texxtoor.DataLayer", "Texxtoor.DataLayer\Texxtoor.DataLayer.csproj", "{DD4E4B0B-7B5C-43F8-B47F-6C36D20283A9}"
EndProject
Project("{FAE04EC0-301F-11D3-BF4B-00C04F79EFBC}") = "ImportFromWord", "ImportWordHtmlWinApp\ImportFromWord.csproj", "{3979A1F7-232F-4F08-BFCB-A4D20E4C2071}"
EndProject
Global
	GlobalSection(SolutionConfigurationPlatforms) = preSolution
		Debug|Any CPU = Debug|Any CPU
		Debug|Mixed Platforms = Debug|Mixed Platforms
		Debug|Win32 = Debug|Win32
		Debug|x64 = Debug|x64
		Debug|x86 = Debug|x86
		OData-debug|Any CPU = OData-debug|Any CPU
		OData-debug|Mixed Platforms = OData-debug|Mixed Platforms
		OData-debug|Win32 = OData-debug|Win32
		OData-debug|x64 = OData-debug|x64
		OData-debug|x86 = OData-debug|x86
		Release|Any CPU = Release|Any CPU
		Release|Mixed Platforms = Release|Mixed Platforms
		Release|Win32 = Release|Win32
		Release|x64 = Release|x64
		Release|x86 = Release|x86
	EndGlobalSection
	GlobalSection(ProjectConfigurationPlatforms) = postSolution
		{A137FCFF-0E4F-4971-8875-5837B591C166}.Debug|Any CPU.ActiveCfg = Debug|Any CPU
		{A137FCFF-0E4F-4971-8875-5837B591C166}.Debug|Any CPU.Build.0 = Debug|Any CPU
		{A137FCFF-0E4F-4971-8875-5837B591C166}.Debug|Mixed Platforms.ActiveCfg = Debug|Any CPU
		{A137FCFF-0E4F-4971-8875-5837B591C166}.Debug|Mixed Platforms.Build.0 = Debug|Any CPU
		{A137FCFF-0E4F-4971-8875-5837B591C166}.Debug|Win32.ActiveCfg = Debug|Any CPU
		{A137FCFF-0E4F-4971-8875-5837B591C166}.Debug|x64.ActiveCfg = Debug|Any CPU
		{A137FCFF-0E4F-4971-8875-5837B591C166}.Debug|x86.ActiveCfg = Debug|Any CPU
		{A137FCFF-0E4F-4971-8875-5837B591C166}.Debug|x86.Build.0 = Debug|Any CPU
		{A137FCFF-0E4F-4971-8875-5837B591C166}.OData-debug|Any CPU.ActiveCfg = Release|Any CPU
		{A137FCFF-0E4F-4971-8875-5837B591C166}.OData-debug|Any CPU.Build.0 = Release|Any CPU
		{A137FCFF-0E4F-4971-8875-5837B591C166}.OData-debug|Mixed Platforms.ActiveCfg = Release|Any CPU
		{A137FCFF-0E4F-4971-8875-5837B591C166}.OData-debug|Mixed Platforms.Build.0 = Release|Any CPU
		{A137FCFF-0E4F-4971-8875-5837B591C166}.OData-debug|Win32.ActiveCfg = Release|Any CPU
		{A137FCFF-0E4F-4971-8875-5837B591C166}.OData-debug|x64.ActiveCfg = Release|Any CPU
		{A137FCFF-0E4F-4971-8875-5837B591C166}.OData-debug|x86.ActiveCfg = Release|Any CPU
		{A137FCFF-0E4F-4971-8875-5837B591C166}.Release|Any CPU.ActiveCfg = Release|Any CPU
		{A137FCFF-0E4F-4971-8875-5837B591C166}.Release|Any CPU.Build.0 = Release|Any CPU
		{A137FCFF-0E4F-4971-8875-5837B591C166}.Release|Mixed Platforms.ActiveCfg = Release|Any CPU
		{A137FCFF-0E4F-4971-8875-5837B591C166}.Release|Mixed Platforms.Build.0 = Release|Any CPU
		{A137FCFF-0E4F-4971-8875-5837B591C166}.Release|Win32.ActiveCfg = Release|Any CPU
		{A137FCFF-0E4F-4971-8875-5837B591C166}.Release|x64.ActiveCfg = Release|Any CPU
		{A137FCFF-0E4F-4971-8875-5837B591C166}.Release|x86.ActiveCfg = Release|Any CPU
		{1CE8BAD2-395A-4393-A3D9-6F82C14B519A}.Debug|Any CPU.ActiveCfg = Debug|x86
		{1CE8BAD2-395A-4393-A3D9-6F82C14B519A}.Debug|Mixed Platforms.ActiveCfg = Debug|x86
		{1CE8BAD2-395A-4393-A3D9-6F82C14B519A}.Debug|Win32.ActiveCfg = Debug|x86
		{1CE8BAD2-395A-4393-A3D9-6F82C14B519A}.Debug|x64.ActiveCfg = Debug|x86
		{1CE8BAD2-395A-4393-A3D9-6F82C14B519A}.Debug|x86.ActiveCfg = Debug|x86
		{1CE8BAD2-395A-4393-A3D9-6F82C14B519A}.Debug|x86.Build.0 = Debug|x86
		{1CE8BAD2-395A-4393-A3D9-6F82C14B519A}.OData-debug|Any CPU.ActiveCfg = Release|x86
		{1CE8BAD2-395A-4393-A3D9-6F82C14B519A}.OData-debug|Mixed Platforms.ActiveCfg = Release|x86
		{1CE8BAD2-395A-4393-A3D9-6F82C14B519A}.OData-debug|Mixed Platforms.Build.0 = Release|x86
		{1CE8BAD2-395A-4393-A3D9-6F82C14B519A}.OData-debug|Win32.ActiveCfg = Release|x86
		{1CE8BAD2-395A-4393-A3D9-6F82C14B519A}.OData-debug|Win32.Build.0 = Release|x86
		{1CE8BAD2-395A-4393-A3D9-6F82C14B519A}.OData-debug|x64.ActiveCfg = Release|x86
		{1CE8BAD2-395A-4393-A3D9-6F82C14B519A}.OData-debug|x86.ActiveCfg = Release|x86
		{1CE8BAD2-395A-4393-A3D9-6F82C14B519A}.OData-debug|x86.Build.0 = Release|x86
		{1CE8BAD2-395A-4393-A3D9-6F82C14B519A}.Release|Any CPU.ActiveCfg = Release|x86
		{1CE8BAD2-395A-4393-A3D9-6F82C14B519A}.Release|Mixed Platforms.ActiveCfg = Release|x86
		{1CE8BAD2-395A-4393-A3D9-6F82C14B519A}.Release|Mixed Platforms.Build.0 = Release|x86
		{1CE8BAD2-395A-4393-A3D9-6F82C14B519A}.Release|Win32.ActiveCfg = Release|x86
		{1CE8BAD2-395A-4393-A3D9-6F82C14B519A}.Release|x64.ActiveCfg = Release|x86
		{1CE8BAD2-395A-4393-A3D9-6F82C14B519A}.Release|x86.ActiveCfg = Release|x86
		{1CE8BAD2-395A-4393-A3D9-6F82C14B519A}.Release|x86.Build.0 = Release|x86
		{9B39F2CE-1D0F-4E23-A179-827DD0F39214}.Debug|Any CPU.ActiveCfg = Debug|Any CPU
		{9B39F2CE-1D0F-4E23-A179-827DD0F39214}.Debug|Any CPU.Build.0 = Debug|Any CPU
		{9B39F2CE-1D0F-4E23-A179-827DD0F39214}.Debug|Mixed Platforms.ActiveCfg = Debug|Any CPU
		{9B39F2CE-1D0F-4E23-A179-827DD0F39214}.Debug|Mixed Platforms.Build.0 = Debug|Any CPU
		{9B39F2CE-1D0F-4E23-A179-827DD0F39214}.Debug|Win32.ActiveCfg = Debug|Any CPU
		{9B39F2CE-1D0F-4E23-A179-827DD0F39214}.Debug|x64.ActiveCfg = Debug|Any CPU
		{9B39F2CE-1D0F-4E23-A179-827DD0F39214}.Debug|x86.ActiveCfg = Debug|Any CPU
		{9B39F2CE-1D0F-4E23-A179-827DD0F39214}.Debug|x86.Build.0 = Debug|Any CPU
		{9B39F2CE-1D0F-4E23-A179-827DD0F39214}.OData-debug|Any CPU.ActiveCfg = Release|Any CPU
		{9B39F2CE-1D0F-4E23-A179-827DD0F39214}.OData-debug|Any CPU.Build.0 = Release|Any CPU
		{9B39F2CE-1D0F-4E23-A179-827DD0F39214}.OData-debug|Mixed Platforms.ActiveCfg = Release|Any CPU
		{9B39F2CE-1D0F-4E23-A179-827DD0F39214}.OData-debug|Mixed Platforms.Build.0 = Release|Any CPU
		{9B39F2CE-1D0F-4E23-A179-827DD0F39214}.OData-debug|Win32.ActiveCfg = Release|Any CPU
		{9B39F2CE-1D0F-4E23-A179-827DD0F39214}.OData-debug|x64.ActiveCfg = Release|Any CPU
		{9B39F2CE-1D0F-4E23-A179-827DD0F39214}.OData-debug|x86.ActiveCfg = Release|Any CPU
		{9B39F2CE-1D0F-4E23-A179-827DD0F39214}.Release|Any CPU.ActiveCfg = Release|Any CPU
		{9B39F2CE-1D0F-4E23-A179-827DD0F39214}.Release|Any CPU.Build.0 = Release|Any CPU
		{9B39F2CE-1D0F-4E23-A179-827DD0F39214}.Release|Mixed Platforms.ActiveCfg = Release|Any CPU
		{9B39F2CE-1D0F-4E23-A179-827DD0F39214}.Release|Mixed Platforms.Build.0 = Release|Any CPU
		{9B39F2CE-1D0F-4E23-A179-827DD0F39214}.Release|Win32.ActiveCfg = Release|Any CPU
		{9B39F2CE-1D0F-4E23-A179-827DD0F39214}.Release|x64.ActiveCfg = Release|Any CPU
		{9B39F2CE-1D0F-4E23-A179-827DD0F39214}.Release|x86.ActiveCfg = Release|Any CPU
		{51DECE39-764C-4C32-A57A-D93A5FD9BD6A}.Debug|Any CPU.ActiveCfg = Debug|Any CPU
		{51DECE39-764C-4C32-A57A-D93A5FD9BD6A}.Debug|Any CPU.Build.0 = Debug|Any CPU
		{51DECE39-764C-4C32-A57A-D93A5FD9BD6A}.Debug|Mixed Platforms.ActiveCfg = Debug|Any CPU
		{51DECE39-764C-4C32-A57A-D93A5FD9BD6A}.Debug|Mixed Platforms.Build.0 = Debug|Any CPU
		{51DECE39-764C-4C32-A57A-D93A5FD9BD6A}.Debug|Win32.ActiveCfg = Debug|Any CPU
		{51DECE39-764C-4C32-A57A-D93A5FD9BD6A}.Debug|x64.ActiveCfg = Debug|Any CPU
		{51DECE39-764C-4C32-A57A-D93A5FD9BD6A}.Debug|x86.ActiveCfg = Debug|Any CPU
		{51DECE39-764C-4C32-A57A-D93A5FD9BD6A}.Debug|x86.Build.0 = Debug|Any CPU
		{51DECE39-764C-4C32-A57A-D93A5FD9BD6A}.OData-debug|Any CPU.ActiveCfg = Release|Any CPU
		{51DECE39-764C-4C32-A57A-D93A5FD9BD6A}.OData-debug|Any CPU.Build.0 = Release|Any CPU
		{51DECE39-764C-4C32-A57A-D93A5FD9BD6A}.OData-debug|Mixed Platforms.ActiveCfg = Release|Any CPU
		{51DECE39-764C-4C32-A57A-D93A5FD9BD6A}.OData-debug|Mixed Platforms.Build.0 = Release|Any CPU
		{51DECE39-764C-4C32-A57A-D93A5FD9BD6A}.OData-debug|Win32.ActiveCfg = Release|Any CPU
		{51DECE39-764C-4C32-A57A-D93A5FD9BD6A}.OData-debug|x64.ActiveCfg = Release|Any CPU
		{51DECE39-764C-4C32-A57A-D93A5FD9BD6A}.OData-debug|x86.ActiveCfg = Release|Any CPU
		{51DECE39-764C-4C32-A57A-D93A5FD9BD6A}.Release|Any CPU.ActiveCfg = Release|Any CPU
		{51DECE39-764C-4C32-A57A-D93A5FD9BD6A}.Release|Any CPU.Build.0 = Release|Any CPU
		{51DECE39-764C-4C32-A57A-D93A5FD9BD6A}.Release|Mixed Platforms.ActiveCfg = Release|Any CPU
		{51DECE39-764C-4C32-A57A-D93A5FD9BD6A}.Release|Mixed Platforms.Build.0 = Release|Any CPU
		{51DECE39-764C-4C32-A57A-D93A5FD9BD6A}.Release|Win32.ActiveCfg = Release|Any CPU
		{51DECE39-764C-4C32-A57A-D93A5FD9BD6A}.Release|x64.ActiveCfg = Release|Any CPU
		{51DECE39-764C-4C32-A57A-D93A5FD9BD6A}.Release|x86.ActiveCfg = Release|Any CPU
		{113204E6-5865-468E-A9E7-1B50F671BFE4}.Debug|Any CPU.ActiveCfg = Debug|Any CPU
		{113204E6-5865-468E-A9E7-1B50F671BFE4}.Debug|Any CPU.Build.0 = Debug|Any CPU
		{113204E6-5865-468E-A9E7-1B50F671BFE4}.Debug|Mixed Platforms.ActiveCfg = Debug|Any CPU
		{113204E6-5865-468E-A9E7-1B50F671BFE4}.Debug|Mixed Platforms.Build.0 = Debug|Any CPU
		{113204E6-5865-468E-A9E7-1B50F671BFE4}.Debug|Win32.ActiveCfg = Debug|Any CPU
		{113204E6-5865-468E-A9E7-1B50F671BFE4}.Debug|x64.ActiveCfg = Debug|Any CPU
		{113204E6-5865-468E-A9E7-1B50F671BFE4}.Debug|x86.ActiveCfg = Debug|Any CPU
		{113204E6-5865-468E-A9E7-1B50F671BFE4}.Debug|x86.Build.0 = Debug|Any CPU
		{113204E6-5865-468E-A9E7-1B50F671BFE4}.OData-debug|Any CPU.ActiveCfg = Release|Any CPU
		{113204E6-5865-468E-A9E7-1B50F671BFE4}.OData-debug|Any CPU.Build.0 = Release|Any CPU
		{113204E6-5865-468E-A9E7-1B50F671BFE4}.OData-debug|Mixed Platforms.ActiveCfg = Release|Any CPU
		{113204E6-5865-468E-A9E7-1B50F671BFE4}.OData-debug|Mixed Platforms.Build.0 = Release|Any CPU
		{113204E6-5865-468E-A9E7-1B50F671BFE4}.OData-debug|Win32.ActiveCfg = Release|Any CPU
		{113204E6-5865-468E-A9E7-1B50F671BFE4}.OData-debug|x64.ActiveCfg = Release|Any CPU
		{113204E6-5865-468E-A9E7-1B50F671BFE4}.OData-debug|x86.ActiveCfg = Release|Any CPU
		{113204E6-5865-468E-A9E7-1B50F671BFE4}.Release|Any CPU.ActiveCfg = Release|Any CPU
		{113204E6-5865-468E-A9E7-1B50F671BFE4}.Release|Any CPU.Build.0 = Release|Any CPU
		{113204E6-5865-468E-A9E7-1B50F671BFE4}.Release|Mixed Platforms.ActiveCfg = Release|Any CPU
		{113204E6-5865-468E-A9E7-1B50F671BFE4}.Release|Mixed Platforms.Build.0 = Release|Any CPU
		{113204E6-5865-468E-A9E7-1B50F671BFE4}.Release|Win32.ActiveCfg = Release|Any CPU
		{113204E6-5865-468E-A9E7-1B50F671BFE4}.Release|x64.ActiveCfg = Release|Any CPU
		{113204E6-5865-468E-A9E7-1B50F671BFE4}.Release|x86.ActiveCfg = Release|Any CPU
		{307FEABA-C5A1-47B8-A0B5-0B56D982F570}.Debug|Any CPU.ActiveCfg = Debug|Any CPU
		{307FEABA-C5A1-47B8-A0B5-0B56D982F570}.Debug|Any CPU.Build.0 = Debug|Any CPU
		{307FEABA-C5A1-47B8-A0B5-0B56D982F570}.Debug|Mixed Platforms.ActiveCfg = Debug|Any CPU
		{307FEABA-C5A1-47B8-A0B5-0B56D982F570}.Debug|Mixed Platforms.Build.0 = Debug|Any CPU
		{307FEABA-C5A1-47B8-A0B5-0B56D982F570}.Debug|Win32.ActiveCfg = Debug|Any CPU
		{307FEABA-C5A1-47B8-A0B5-0B56D982F570}.Debug|x64.ActiveCfg = Debug|Any CPU
		{307FEABA-C5A1-47B8-A0B5-0B56D982F570}.Debug|x86.ActiveCfg = Debug|Any CPU
		{307FEABA-C5A1-47B8-A0B5-0B56D982F570}.Debug|x86.Build.0 = Debug|Any CPU
		{307FEABA-C5A1-47B8-A0B5-0B56D982F570}.OData-debug|Any CPU.ActiveCfg = Release|Any CPU
		{307FEABA-C5A1-47B8-A0B5-0B56D982F570}.OData-debug|Any CPU.Build.0 = Release|Any CPU
		{307FEABA-C5A1-47B8-A0B5-0B56D982F570}.OData-debug|Mixed Platforms.ActiveCfg = Release|Any CPU
		{307FEABA-C5A1-47B8-A0B5-0B56D982F570}.OData-debug|Mixed Platforms.Build.0 = Release|Any CPU
		{307FEABA-C5A1-47B8-A0B5-0B56D982F570}.OData-debug|Win32.ActiveCfg = Release|Any CPU
		{307FEABA-C5A1-47B8-A0B5-0B56D982F570}.OData-debug|x64.ActiveCfg = Release|Any CPU
		{307FEABA-C5A1-47B8-A0B5-0B56D982F570}.OData-debug|x86.ActiveCfg = Release|Any CPU
		{307FEABA-C5A1-47B8-A0B5-0B56D982F570}.Release|Any CPU.ActiveCfg = Release|Any CPU
		{307FEABA-C5A1-47B8-A0B5-0B56D982F570}.Release|Any CPU.Build.0 = Release|Any CPU
		{307FEABA-C5A1-47B8-A0B5-0B56D982F570}.Release|Mixed Platforms.ActiveCfg = Release|Any CPU
		{307FEABA-C5A1-47B8-A0B5-0B56D982F570}.Release|Mixed Platforms.Build.0 = Release|Any CPU
		{307FEABA-C5A1-47B8-A0B5-0B56D982F570}.Release|Win32.ActiveCfg = Release|Any CPU
		{307FEABA-C5A1-47B8-A0B5-0B56D982F570}.Release|x64.ActiveCfg = Release|Any CPU
		{307FEABA-C5A1-47B8-A0B5-0B56D982F570}.Release|x86.ActiveCfg = Release|Any CPU
		{407C596C-0BBA-4002-94B5-30CD80337DE7}.Debug|Any CPU.ActiveCfg = Debug|Any CPU
		{407C596C-0BBA-4002-94B5-30CD80337DE7}.Debug|Any CPU.Build.0 = Debug|Any CPU
		{407C596C-0BBA-4002-94B5-30CD80337DE7}.Debug|Mixed Platforms.ActiveCfg = Debug|Any CPU
		{407C596C-0BBA-4002-94B5-30CD80337DE7}.Debug|Mixed Platforms.Build.0 = Debug|Any CPU
		{407C596C-0BBA-4002-94B5-30CD80337DE7}.Debug|Win32.ActiveCfg = Debug|Any CPU
		{407C596C-0BBA-4002-94B5-30CD80337DE7}.Debug|x64.ActiveCfg = Debug|Any CPU
		{407C596C-0BBA-4002-94B5-30CD80337DE7}.Debug|x86.ActiveCfg = Debug|Any CPU
		{407C596C-0BBA-4002-94B5-30CD80337DE7}.Debug|x86.Build.0 = Debug|Any CPU
		{407C596C-0BBA-4002-94B5-30CD80337DE7}.OData-debug|Any CPU.ActiveCfg = Release|Any CPU
		{407C596C-0BBA-4002-94B5-30CD80337DE7}.OData-debug|Any CPU.Build.0 = Release|Any CPU
		{407C596C-0BBA-4002-94B5-30CD80337DE7}.OData-debug|Mixed Platforms.ActiveCfg = Release|Any CPU
		{407C596C-0BBA-4002-94B5-30CD80337DE7}.OData-debug|Mixed Platforms.Build.0 = Release|Any CPU
		{407C596C-0BBA-4002-94B5-30CD80337DE7}.OData-debug|Win32.ActiveCfg = Release|Any CPU
		{407C596C-0BBA-4002-94B5-30CD80337DE7}.OData-debug|x64.ActiveCfg = Release|Any CPU
		{407C596C-0BBA-4002-94B5-30CD80337DE7}.OData-debug|x86.ActiveCfg = Release|Any CPU
		{407C596C-0BBA-4002-94B5-30CD80337DE7}.Release|Any CPU.ActiveCfg = Release|Any CPU
		{407C596C-0BBA-4002-94B5-30CD80337DE7}.Release|Any CPU.Build.0 = Release|Any CPU
		{407C596C-0BBA-4002-94B5-30CD80337DE7}.Release|Mixed Platforms.ActiveCfg = Release|Any CPU
		{407C596C-0BBA-4002-94B5-30CD80337DE7}.Release|Mixed Platforms.Build.0 = Release|Any CPU
		{407C596C-0BBA-4002-94B5-30CD80337DE7}.Release|Win32.ActiveCfg = Release|Any CPU
		{407C596C-0BBA-4002-94B5-30CD80337DE7}.Release|x64.ActiveCfg = Release|Any CPU
		{407C596C-0BBA-4002-94B5-30CD80337DE7}.Release|x86.ActiveCfg = Release|Any CPU
		{280A2C48-203E-4C66-A63B-7AA571BD3D7E}.Debug|Any CPU.ActiveCfg = Debug|Any CPU
		{280A2C48-203E-4C66-A63B-7AA571BD3D7E}.Debug|Any CPU.Build.0 = Debug|Any CPU
		{280A2C48-203E-4C66-A63B-7AA571BD3D7E}.Debug|Mixed Platforms.ActiveCfg = Debug|Any CPU
		{280A2C48-203E-4C66-A63B-7AA571BD3D7E}.Debug|Mixed Platforms.Build.0 = Debug|Any CPU
		{280A2C48-203E-4C66-A63B-7AA571BD3D7E}.Debug|Win32.ActiveCfg = Debug|Any CPU
		{280A2C48-203E-4C66-A63B-7AA571BD3D7E}.Debug|x64.ActiveCfg = Debug|Any CPU
		{280A2C48-203E-4C66-A63B-7AA571BD3D7E}.Debug|x86.ActiveCfg = Debug|Any CPU
		{280A2C48-203E-4C66-A63B-7AA571BD3D7E}.Debug|x86.Build.0 = Debug|Any CPU
		{280A2C48-203E-4C66-A63B-7AA571BD3D7E}.OData-debug|Any CPU.ActiveCfg = Release|Any CPU
		{280A2C48-203E-4C66-A63B-7AA571BD3D7E}.OData-debug|Any CPU.Build.0 = Release|Any CPU
		{280A2C48-203E-4C66-A63B-7AA571BD3D7E}.OData-debug|Mixed Platforms.ActiveCfg = Release|Any CPU
		{280A2C48-203E-4C66-A63B-7AA571BD3D7E}.OData-debug|Mixed Platforms.Build.0 = Release|Any CPU
		{280A2C48-203E-4C66-A63B-7AA571BD3D7E}.OData-debug|Win32.ActiveCfg = Release|Any CPU
		{280A2C48-203E-4C66-A63B-7AA571BD3D7E}.OData-debug|x64.ActiveCfg = Release|Any CPU
		{280A2C48-203E-4C66-A63B-7AA571BD3D7E}.OData-debug|x86.ActiveCfg = Release|Any CPU
		{280A2C48-203E-4C66-A63B-7AA571BD3D7E}.Release|Any CPU.ActiveCfg = Release|Any CPU
		{280A2C48-203E-4C66-A63B-7AA571BD3D7E}.Release|Any CPU.Build.0 = Release|Any CPU
		{280A2C48-203E-4C66-A63B-7AA571BD3D7E}.Release|Mixed Platforms.ActiveCfg = Release|Any CPU
		{280A2C48-203E-4C66-A63B-7AA571BD3D7E}.Release|Mixed Platforms.Build.0 = Release|Any CPU
		{280A2C48-203E-4C66-A63B-7AA571BD3D7E}.Release|Win32.ActiveCfg = Release|Any CPU
		{280A2C48-203E-4C66-A63B-7AA571BD3D7E}.Release|x64.ActiveCfg = Release|Any CPU
		{280A2C48-203E-4C66-A63B-7AA571BD3D7E}.Release|x86.ActiveCfg = Release|Any CPU
		{64A7B660-B967-491F-BC36-BF5A8D3E1E55}.Debug|Any CPU.ActiveCfg = Debug|Any CPU
		{64A7B660-B967-491F-BC36-BF5A8D3E1E55}.Debug|Any CPU.Build.0 = Debug|Any CPU
		{64A7B660-B967-491F-BC36-BF5A8D3E1E55}.Debug|Mixed Platforms.ActiveCfg = Debug|Any CPU
		{64A7B660-B967-491F-BC36-BF5A8D3E1E55}.Debug|Mixed Platforms.Build.0 = Debug|Any CPU
		{64A7B660-B967-491F-BC36-BF5A8D3E1E55}.Debug|Win32.ActiveCfg = Debug|Any CPU
		{64A7B660-B967-491F-BC36-BF5A8D3E1E55}.Debug|x64.ActiveCfg = Debug|Any CPU
		{64A7B660-B967-491F-BC36-BF5A8D3E1E55}.Debug|x86.ActiveCfg = Debug|Any CPU
		{64A7B660-B967-491F-BC36-BF5A8D3E1E55}.OData-debug|Any CPU.ActiveCfg = Release|Any CPU
		{64A7B660-B967-491F-BC36-BF5A8D3E1E55}.OData-debug|Any CPU.Build.0 = Release|Any CPU
		{64A7B660-B967-491F-BC36-BF5A8D3E1E55}.OData-debug|Mixed Platforms.ActiveCfg = Release|Any CPU
		{64A7B660-B967-491F-BC36-BF5A8D3E1E55}.OData-debug|Mixed Platforms.Build.0 = Release|Any CPU
		{64A7B660-B967-491F-BC36-BF5A8D3E1E55}.OData-debug|Win32.ActiveCfg = Release|Any CPU
		{64A7B660-B967-491F-BC36-BF5A8D3E1E55}.OData-debug|x64.ActiveCfg = Release|Any CPU
		{64A7B660-B967-491F-BC36-BF5A8D3E1E55}.OData-debug|x86.ActiveCfg = Release|Any CPU
		{64A7B660-B967-491F-BC36-BF5A8D3E1E55}.Release|Any CPU.ActiveCfg = Release|Any CPU
		{64A7B660-B967-491F-BC36-BF5A8D3E1E55}.Release|Any CPU.Build.0 = Release|Any CPU
		{64A7B660-B967-491F-BC36-BF5A8D3E1E55}.Release|Mixed Platforms.ActiveCfg = Release|Any CPU
		{64A7B660-B967-491F-BC36-BF5A8D3E1E55}.Release|Mixed Platforms.Build.0 = Release|Any CPU
		{64A7B660-B967-491F-BC36-BF5A8D3E1E55}.Release|Win32.ActiveCfg = Release|Any CPU
		{64A7B660-B967-491F-BC36-BF5A8D3E1E55}.Release|x64.ActiveCfg = Release|Any CPU
		{64A7B660-B967-491F-BC36-BF5A8D3E1E55}.Release|x86.ActiveCfg = Release|Any CPU
		{4091ACDB-4DA2-4DF8-917D-5F99C62DFFAF}.Debug|Any CPU.ActiveCfg = Debug|Any CPU
		{4091ACDB-4DA2-4DF8-917D-5F99C62DFFAF}.Debug|Any CPU.Build.0 = Debug|Any CPU
		{4091ACDB-4DA2-4DF8-917D-5F99C62DFFAF}.Debug|Mixed Platforms.ActiveCfg = Debug|Any CPU
		{4091ACDB-4DA2-4DF8-917D-5F99C62DFFAF}.Debug|Mixed Platforms.Build.0 = Debug|Any CPU
		{4091ACDB-4DA2-4DF8-917D-5F99C62DFFAF}.Debug|Win32.ActiveCfg = Debug|Any CPU
		{4091ACDB-4DA2-4DF8-917D-5F99C62DFFAF}.Debug|x64.ActiveCfg = Debug|Any CPU
		{4091ACDB-4DA2-4DF8-917D-5F99C62DFFAF}.Debug|x86.ActiveCfg = Debug|Any CPU
		{4091ACDB-4DA2-4DF8-917D-5F99C62DFFAF}.OData-debug|Any CPU.ActiveCfg = Release|Any CPU
		{4091ACDB-4DA2-4DF8-917D-5F99C62DFFAF}.OData-debug|Any CPU.Build.0 = Release|Any CPU
		{4091ACDB-4DA2-4DF8-917D-5F99C62DFFAF}.OData-debug|Mixed Platforms.ActiveCfg = Release|Any CPU
		{4091ACDB-4DA2-4DF8-917D-5F99C62DFFAF}.OData-debug|Mixed Platforms.Build.0 = Release|Any CPU
		{4091ACDB-4DA2-4DF8-917D-5F99C62DFFAF}.OData-debug|Win32.ActiveCfg = Release|Any CPU
		{4091ACDB-4DA2-4DF8-917D-5F99C62DFFAF}.OData-debug|x64.ActiveCfg = Release|Any CPU
		{4091ACDB-4DA2-4DF8-917D-5F99C62DFFAF}.OData-debug|x86.ActiveCfg = Release|Any CPU
		{4091ACDB-4DA2-4DF8-917D-5F99C62DFFAF}.Release|Any CPU.ActiveCfg = Release|Any CPU
		{4091ACDB-4DA2-4DF8-917D-5F99C62DFFAF}.Release|Any CPU.Build.0 = Release|Any CPU
		{4091ACDB-4DA2-4DF8-917D-5F99C62DFFAF}.Release|Mixed Platforms.ActiveCfg = Release|Any CPU
		{4091ACDB-4DA2-4DF8-917D-5F99C62DFFAF}.Release|Mixed Platforms.Build.0 = Release|Any CPU
		{4091ACDB-4DA2-4DF8-917D-5F99C62DFFAF}.Release|Win32.ActiveCfg = Release|Any CPU
		{4091ACDB-4DA2-4DF8-917D-5F99C62DFFAF}.Release|x64.ActiveCfg = Release|Any CPU
		{4091ACDB-4DA2-4DF8-917D-5F99C62DFFAF}.Release|x86.ActiveCfg = Release|Any CPU
		{11BA5334-07FC-4497-9298-98BF7718E15E}.Debug|Any CPU.ActiveCfg = Debug|Any CPU
		{11BA5334-07FC-4497-9298-98BF7718E15E}.Debug|Any CPU.Build.0 = Debug|Any CPU
		{11BA5334-07FC-4497-9298-98BF7718E15E}.Debug|Mixed Platforms.ActiveCfg = Debug|Any CPU
		{11BA5334-07FC-4497-9298-98BF7718E15E}.Debug|Mixed Platforms.Build.0 = Debug|Any CPU
		{11BA5334-07FC-4497-9298-98BF7718E15E}.Debug|Win32.ActiveCfg = Debug|Any CPU
		{11BA5334-07FC-4497-9298-98BF7718E15E}.Debug|x64.ActiveCfg = Debug|Any CPU
		{11BA5334-07FC-4497-9298-98BF7718E15E}.Debug|x86.ActiveCfg = Debug|Any CPU
		{11BA5334-07FC-4497-9298-98BF7718E15E}.OData-debug|Any CPU.ActiveCfg = Release|Any CPU
		{11BA5334-07FC-4497-9298-98BF7718E15E}.OData-debug|Any CPU.Build.0 = Release|Any CPU
		{11BA5334-07FC-4497-9298-98BF7718E15E}.OData-debug|Mixed Platforms.ActiveCfg = Release|Any CPU
		{11BA5334-07FC-4497-9298-98BF7718E15E}.OData-debug|Mixed Platforms.Build.0 = Release|Any CPU
		{11BA5334-07FC-4497-9298-98BF7718E15E}.OData-debug|Win32.ActiveCfg = Release|Any CPU
		{11BA5334-07FC-4497-9298-98BF7718E15E}.OData-debug|x64.ActiveCfg = Release|Any CPU
		{11BA5334-07FC-4497-9298-98BF7718E15E}.OData-debug|x86.ActiveCfg = Release|Any CPU
		{11BA5334-07FC-4497-9298-98BF7718E15E}.Release|Any CPU.ActiveCfg = Release|Any CPU
		{11BA5334-07FC-4497-9298-98BF7718E15E}.Release|Any CPU.Build.0 = Release|Any CPU
		{11BA5334-07FC-4497-9298-98BF7718E15E}.Release|Mixed Platforms.ActiveCfg = Release|Any CPU
		{11BA5334-07FC-4497-9298-98BF7718E15E}.Release|Mixed Platforms.Build.0 = Release|Any CPU
		{11BA5334-07FC-4497-9298-98BF7718E15E}.Release|Win32.ActiveCfg = Release|Any CPU
		{11BA5334-07FC-4497-9298-98BF7718E15E}.Release|x64.ActiveCfg = Release|Any CPU
		{11BA5334-07FC-4497-9298-98BF7718E15E}.Release|x86.ActiveCfg = Release|Any CPU
		{98EC024C-6439-44B1-8B1E-29E457B2201F}.Debug|Any CPU.ActiveCfg = Debug|Any CPU
		{98EC024C-6439-44B1-8B1E-29E457B2201F}.Debug|Any CPU.Build.0 = Debug|Any CPU
		{98EC024C-6439-44B1-8B1E-29E457B2201F}.Debug|Mixed Platforms.ActiveCfg = Debug|Any CPU
		{98EC024C-6439-44B1-8B1E-29E457B2201F}.Debug|Mixed Platforms.Build.0 = Debug|Any CPU
		{98EC024C-6439-44B1-8B1E-29E457B2201F}.Debug|Win32.ActiveCfg = Debug|Any CPU
		{98EC024C-6439-44B1-8B1E-29E457B2201F}.Debug|x64.ActiveCfg = Debug|Any CPU
		{98EC024C-6439-44B1-8B1E-29E457B2201F}.Debug|x86.ActiveCfg = Debug|Any CPU
		{98EC024C-6439-44B1-8B1E-29E457B2201F}.OData-debug|Any CPU.ActiveCfg = Release|Any CPU
		{98EC024C-6439-44B1-8B1E-29E457B2201F}.OData-debug|Any CPU.Build.0 = Release|Any CPU
		{98EC024C-6439-44B1-8B1E-29E457B2201F}.OData-debug|Mixed Platforms.ActiveCfg = Release|Any CPU
		{98EC024C-6439-44B1-8B1E-29E457B2201F}.OData-debug|Mixed Platforms.Build.0 = Release|Any CPU
		{98EC024C-6439-44B1-8B1E-29E457B2201F}.OData-debug|Win32.ActiveCfg = Release|Any CPU
		{98EC024C-6439-44B1-8B1E-29E457B2201F}.OData-debug|x64.ActiveCfg = Release|Any CPU
		{98EC024C-6439-44B1-8B1E-29E457B2201F}.OData-debug|x86.ActiveCfg = Release|Any CPU
		{98EC024C-6439-44B1-8B1E-29E457B2201F}.Release|Any CPU.ActiveCfg = Release|Any CPU
		{98EC024C-6439-44B1-8B1E-29E457B2201F}.Release|Any CPU.Build.0 = Release|Any CPU
		{98EC024C-6439-44B1-8B1E-29E457B2201F}.Release|Mixed Platforms.ActiveCfg = Release|Any CPU
		{98EC024C-6439-44B1-8B1E-29E457B2201F}.Release|Mixed Platforms.Build.0 = Release|Any CPU
		{98EC024C-6439-44B1-8B1E-29E457B2201F}.Release|Win32.ActiveCfg = Release|Any CPU
		{98EC024C-6439-44B1-8B1E-29E457B2201F}.Release|x64.ActiveCfg = Release|Any CPU
		{98EC024C-6439-44B1-8B1E-29E457B2201F}.Release|x86.ActiveCfg = Release|Any CPU
		{2D08EB1C-9FD0-4FBF-825A-D4058E0415AF}.Debug|Any CPU.ActiveCfg = Debug|Any CPU
		{2D08EB1C-9FD0-4FBF-825A-D4058E0415AF}.Debug|Any CPU.Build.0 = Debug|Any CPU
		{2D08EB1C-9FD0-4FBF-825A-D4058E0415AF}.Debug|Mixed Platforms.ActiveCfg = Debug|Any CPU
		{2D08EB1C-9FD0-4FBF-825A-D4058E0415AF}.Debug|Mixed Platforms.Build.0 = Debug|Any CPU
		{2D08EB1C-9FD0-4FBF-825A-D4058E0415AF}.Debug|Win32.ActiveCfg = Debug|Any CPU
		{2D08EB1C-9FD0-4FBF-825A-D4058E0415AF}.Debug|x64.ActiveCfg = Debug|Any CPU
		{2D08EB1C-9FD0-4FBF-825A-D4058E0415AF}.Debug|x86.ActiveCfg = Debug|Any CPU
		{2D08EB1C-9FD0-4FBF-825A-D4058E0415AF}.OData-debug|Any CPU.ActiveCfg = Release|Any CPU
		{2D08EB1C-9FD0-4FBF-825A-D4058E0415AF}.OData-debug|Any CPU.Build.0 = Release|Any CPU
		{2D08EB1C-9FD0-4FBF-825A-D4058E0415AF}.OData-debug|Mixed Platforms.ActiveCfg = Release|Any CPU
		{2D08EB1C-9FD0-4FBF-825A-D4058E0415AF}.OData-debug|Mixed Platforms.Build.0 = Release|Any CPU
		{2D08EB1C-9FD0-4FBF-825A-D4058E0415AF}.OData-debug|Win32.ActiveCfg = Release|Any CPU
		{2D08EB1C-9FD0-4FBF-825A-D4058E0415AF}.OData-debug|x64.ActiveCfg = Release|Any CPU
		{2D08EB1C-9FD0-4FBF-825A-D4058E0415AF}.OData-debug|x86.ActiveCfg = Release|Any CPU
		{2D08EB1C-9FD0-4FBF-825A-D4058E0415AF}.Release|Any CPU.ActiveCfg = Release|Any CPU
		{2D08EB1C-9FD0-4FBF-825A-D4058E0415AF}.Release|Any CPU.Build.0 = Release|Any CPU
		{2D08EB1C-9FD0-4FBF-825A-D4058E0415AF}.Release|Mixed Platforms.ActiveCfg = Release|Any CPU
		{2D08EB1C-9FD0-4FBF-825A-D4058E0415AF}.Release|Mixed Platforms.Build.0 = Release|Any CPU
		{2D08EB1C-9FD0-4FBF-825A-D4058E0415AF}.Release|Win32.ActiveCfg = Release|Any CPU
		{2D08EB1C-9FD0-4FBF-825A-D4058E0415AF}.Release|x64.ActiveCfg = Release|Any CPU
		{2D08EB1C-9FD0-4FBF-825A-D4058E0415AF}.Release|x86.ActiveCfg = Release|Any CPU
		{5D3B2C98-5841-4264-8EA4-3E44054EEC1B}.Debug|Any CPU.ActiveCfg = Debug|Any CPU
		{5D3B2C98-5841-4264-8EA4-3E44054EEC1B}.Debug|Any CPU.Build.0 = Debug|Any CPU
		{5D3B2C98-5841-4264-8EA4-3E44054EEC1B}.Debug|Mixed Platforms.ActiveCfg = Debug|Any CPU
		{5D3B2C98-5841-4264-8EA4-3E44054EEC1B}.Debug|Mixed Platforms.Build.0 = Debug|Any CPU
		{5D3B2C98-5841-4264-8EA4-3E44054EEC1B}.Debug|Win32.ActiveCfg = Debug|Any CPU
		{5D3B2C98-5841-4264-8EA4-3E44054EEC1B}.Debug|x64.ActiveCfg = Debug|Any CPU
		{5D3B2C98-5841-4264-8EA4-3E44054EEC1B}.Debug|x86.ActiveCfg = Debug|Any CPU
		{5D3B2C98-5841-4264-8EA4-3E44054EEC1B}.OData-debug|Any CPU.ActiveCfg = Release|Any CPU
		{5D3B2C98-5841-4264-8EA4-3E44054EEC1B}.OData-debug|Any CPU.Build.0 = Release|Any CPU
		{5D3B2C98-5841-4264-8EA4-3E44054EEC1B}.OData-debug|Mixed Platforms.ActiveCfg = Release|Any CPU
		{5D3B2C98-5841-4264-8EA4-3E44054EEC1B}.OData-debug|Mixed Platforms.Build.0 = Release|Any CPU
		{5D3B2C98-5841-4264-8EA4-3E44054EEC1B}.OData-debug|Win32.ActiveCfg = Release|Any CPU
		{5D3B2C98-5841-4264-8EA4-3E44054EEC1B}.OData-debug|x64.ActiveCfg = Release|Any CPU
		{5D3B2C98-5841-4264-8EA4-3E44054EEC1B}.OData-debug|x86.ActiveCfg = Release|Any CPU
		{5D3B2C98-5841-4264-8EA4-3E44054EEC1B}.Release|Any CPU.ActiveCfg = Release|Any CPU
		{5D3B2C98-5841-4264-8EA4-3E44054EEC1B}.Release|Any CPU.Build.0 = Release|Any CPU
		{5D3B2C98-5841-4264-8EA4-3E44054EEC1B}.Release|Mixed Platforms.ActiveCfg = Release|Any CPU
		{5D3B2C98-5841-4264-8EA4-3E44054EEC1B}.Release|Mixed Platforms.Build.0 = Release|Any CPU
		{5D3B2C98-5841-4264-8EA4-3E44054EEC1B}.Release|Win32.ActiveCfg = Release|Any CPU
		{5D3B2C98-5841-4264-8EA4-3E44054EEC1B}.Release|x64.ActiveCfg = Release|Any CPU
		{5D3B2C98-5841-4264-8EA4-3E44054EEC1B}.Release|x86.ActiveCfg = Release|Any CPU
		{DD4E4B0B-7B5C-43F8-B47F-6C36D20283A9}.Debug|Any CPU.ActiveCfg = Debug|Any CPU
		{DD4E4B0B-7B5C-43F8-B47F-6C36D20283A9}.Debug|Any CPU.Build.0 = Debug|Any CPU
		{DD4E4B0B-7B5C-43F8-B47F-6C36D20283A9}.Debug|Mixed Platforms.ActiveCfg = Debug|Any CPU
		{DD4E4B0B-7B5C-43F8-B47F-6C36D20283A9}.Debug|Mixed Platforms.Build.0 = Debug|Any CPU
		{DD4E4B0B-7B5C-43F8-B47F-6C36D20283A9}.Debug|Win32.ActiveCfg = Debug|Any CPU
		{DD4E4B0B-7B5C-43F8-B47F-6C36D20283A9}.Debug|x64.ActiveCfg = Debug|Any CPU
		{DD4E4B0B-7B5C-43F8-B47F-6C36D20283A9}.Debug|x86.ActiveCfg = Debug|Any CPU
		{DD4E4B0B-7B5C-43F8-B47F-6C36D20283A9}.OData-debug|Any CPU.ActiveCfg = Release|Any CPU
		{DD4E4B0B-7B5C-43F8-B47F-6C36D20283A9}.OData-debug|Any CPU.Build.0 = Release|Any CPU
		{DD4E4B0B-7B5C-43F8-B47F-6C36D20283A9}.OData-debug|Mixed Platforms.ActiveCfg = Release|Any CPU
		{DD4E4B0B-7B5C-43F8-B47F-6C36D20283A9}.OData-debug|Mixed Platforms.Build.0 = Release|Any CPU
		{DD4E4B0B-7B5C-43F8-B47F-6C36D20283A9}.OData-debug|Win32.ActiveCfg = Release|Any CPU
		{DD4E4B0B-7B5C-43F8-B47F-6C36D20283A9}.OData-debug|x64.ActiveCfg = Release|Any CPU
		{DD4E4B0B-7B5C-43F8-B47F-6C36D20283A9}.OData-debug|x86.ActiveCfg = Release|Any CPU
		{DD4E4B0B-7B5C-43F8-B47F-6C36D20283A9}.Release|Any CPU.ActiveCfg = Release|Any CPU
		{DD4E4B0B-7B5C-43F8-B47F-6C36D20283A9}.Release|Any CPU.Build.0 = Release|Any CPU
		{DD4E4B0B-7B5C-43F8-B47F-6C36D20283A9}.Release|Mixed Platforms.ActiveCfg = Release|Any CPU
		{DD4E4B0B-7B5C-43F8-B47F-6C36D20283A9}.Release|Mixed Platforms.Build.0 = Release|Any CPU
		{DD4E4B0B-7B5C-43F8-B47F-6C36D20283A9}.Release|Win32.ActiveCfg = Release|Any CPU
		{DD4E4B0B-7B5C-43F8-B47F-6C36D20283A9}.Release|x64.ActiveCfg = Release|Any CPU
		{DD4E4B0B-7B5C-43F8-B47F-6C36D20283A9}.Release|x86.ActiveCfg = Release|Any CPU
		{3979A1F7-232F-4F08-BFCB-A4D20E4C2071}.Debug|Any CPU.ActiveCfg = Debug|Any CPU
		{3979A1F7-232F-4F08-BFCB-A4D20E4C2071}.Debug|Any CPU.Build.0 = Debug|Any CPU
		{3979A1F7-232F-4F08-BFCB-A4D20E4C2071}.Debug|Mixed Platforms.ActiveCfg = Debug|Any CPU
		{3979A1F7-232F-4F08-BFCB-A4D20E4C2071}.Debug|Mixed Platforms.Build.0 = Debug|Any CPU
		{3979A1F7-232F-4F08-BFCB-A4D20E4C2071}.Debug|Win32.ActiveCfg = Debug|Any CPU
		{3979A1F7-232F-4F08-BFCB-A4D20E4C2071}.Debug|x64.ActiveCfg = Debug|Any CPU
		{3979A1F7-232F-4F08-BFCB-A4D20E4C2071}.Debug|x86.ActiveCfg = Debug|Any CPU
		{3979A1F7-232F-4F08-BFCB-A4D20E4C2071}.OData-debug|Any CPU.ActiveCfg = Release|Any CPU
		{3979A1F7-232F-4F08-BFCB-A4D20E4C2071}.OData-debug|Any CPU.Build.0 = Release|Any CPU
		{3979A1F7-232F-4F08-BFCB-A4D20E4C2071}.OData-debug|Mixed Platforms.ActiveCfg = Release|Any CPU
		{3979A1F7-232F-4F08-BFCB-A4D20E4C2071}.OData-debug|Mixed Platforms.Build.0 = Release|Any CPU
		{3979A1F7-232F-4F08-BFCB-A4D20E4C2071}.OData-debug|Win32.ActiveCfg = Release|Any CPU
		{3979A1F7-232F-4F08-BFCB-A4D20E4C2071}.OData-debug|x64.ActiveCfg = Release|Any CPU
		{3979A1F7-232F-4F08-BFCB-A4D20E4C2071}.OData-debug|x86.ActiveCfg = Release|Any CPU
		{3979A1F7-232F-4F08-BFCB-A4D20E4C2071}.Release|Any CPU.ActiveCfg = Release|Any CPU
		{3979A1F7-232F-4F08-BFCB-A4D20E4C2071}.Release|Any CPU.Build.0 = Release|Any CPU
		{3979A1F7-232F-4F08-BFCB-A4D20E4C2071}.Release|Mixed Platforms.ActiveCfg = Release|Any CPU
		{3979A1F7-232F-4F08-BFCB-A4D20E4C2071}.Release|Mixed Platforms.Build.0 = Release|Any CPU
		{3979A1F7-232F-4F08-BFCB-A4D20E4C2071}.Release|Win32.ActiveCfg = Release|Any CPU
		{3979A1F7-232F-4F08-BFCB-A4D20E4C2071}.Release|x64.ActiveCfg = Release|Any CPU
		{3979A1F7-232F-4F08-BFCB-A4D20E4C2071}.Release|x86.ActiveCfg = Release|Any CPU
	EndGlobalSection
	GlobalSection(SolutionProperties) = preSolution
		HideSolutionNode = FALSE
	EndGlobalSection
	GlobalSection(NestedProjects) = preSolution
		{208C88DC-B916-4F8B-B55E-276634783F25} = {95A9B213-2B4E-4722-B70E-BAC7A409C590}
		{1CE8BAD2-395A-4393-A3D9-6F82C14B519A} = {0C1C4564-9F4E-458C-A1C6-B5AE7188EBFC}
		{9B39F2CE-1D0F-4E23-A179-827DD0F39214} = {4D55C32E-ED9B-431E-8AFF-D4AA981D37E6}
		{51DECE39-764C-4C32-A57A-D93A5FD9BD6A} = {4D55C32E-ED9B-431E-8AFF-D4AA981D37E6}
		{113204E6-5865-468E-A9E7-1B50F671BFE4} = {4D55C32E-ED9B-431E-8AFF-D4AA981D37E6}
		{307FEABA-C5A1-47B8-A0B5-0B56D982F570} = {4D55C32E-ED9B-431E-8AFF-D4AA981D37E6}
		{407C596C-0BBA-4002-94B5-30CD80337DE7} = {4D55C32E-ED9B-431E-8AFF-D4AA981D37E6}
		{280A2C48-203E-4C66-A63B-7AA571BD3D7E} = {4D55C32E-ED9B-431E-8AFF-D4AA981D37E6}
		{64A7B660-B967-491F-BC36-BF5A8D3E1E55} = {4D55C32E-ED9B-431E-8AFF-D4AA981D37E6}
		{4091ACDB-4DA2-4DF8-917D-5F99C62DFFAF} = {4D55C32E-ED9B-431E-8AFF-D4AA981D37E6}
		{11BA5334-07FC-4497-9298-98BF7718E15E} = {4D55C32E-ED9B-431E-8AFF-D4AA981D37E6}
		{98EC024C-6439-44B1-8B1E-29E457B2201F} = {4D55C32E-ED9B-431E-8AFF-D4AA981D37E6}
		{2D08EB1C-9FD0-4FBF-825A-D4058E0415AF} = {4D55C32E-ED9B-431E-8AFF-D4AA981D37E6}
		{5D3B2C98-5841-4264-8EA4-3E44054EEC1B} = {4D55C32E-ED9B-431E-8AFF-D4AA981D37E6}
		{DD4E4B0B-7B5C-43F8-B47F-6C36D20283A9} = {4D55C32E-ED9B-431E-8AFF-D4AA981D37E6}
		{3979A1F7-232F-4F08-BFCB-A4D20E4C2071} = {D97A0220-A78C-4F3B-949F-070787EDBD06}
	EndGlobalSection
	GlobalSection(TeamFoundationVersionControl) = preSolution
		SccNumberOfProjects = 17
		SccEnterpriseProvider = {4CA58AB2-18FA-4F8D-95D4-32DDF27D184C}
		SccTeamFoundationServer = https://texxtoor.visualstudio.com/defaultcollection
		SccLocalPath0 = .
		SccProjectUniqueName1 = DatabaseTest\\Texxtoor.DataBase.Initializer.csproj
		SccProjectTopLevelParentUniqueName1 = Texxtoor.Solution.2013.sln
		SccProjectName1 = DatabaseTest
		SccLocalPath1 = DatabaseTest
		SccProjectUniqueName2 = Texxtoor.BaseLibrary.Core\\Texxtoor.BaseLibrary.Core.csproj
		SccProjectTopLevelParentUniqueName2 = Texxtoor.Solution.2013.sln
		SccProjectName2 = Texxtoor.BaseLibrary.Core
		SccLocalPath2 = Texxtoor.BaseLibrary.Core
		SccProjectUniqueName3 = Texxtoor.BaseLibrary.EBookReader\\Texxtoor.BaseLibrary.EPub.csproj
		SccProjectTopLevelParentUniqueName3 = Texxtoor.Solution.2013.sln
		SccProjectName3 = Texxtoor.BaseLibrary.EBookReader
		SccLocalPath3 = Texxtoor.BaseLibrary.EBookReader
		SccProjectUniqueName4 = Texxtoor.BaseLibrary.Globalization\\Texxtoor.BaseLibrary.Globalization.csproj
		SccProjectTopLevelParentUniqueName4 = Texxtoor.Solution.2013.sln
		SccProjectName4 = Texxtoor.BaseLibrary.Globalization
		SccLocalPath4 = Texxtoor.BaseLibrary.Globalization
		SccProjectUniqueName5 = Texxtoor.BaseLibrary.HtmlExtensions\\Texxtoor.BaseLibrary.HtmlExtensions.csproj
		SccProjectTopLevelParentUniqueName5 = Texxtoor.Solution.2013.sln
		SccProjectName5 = Texxtoor.BaseLibrary.HtmlExtensions
		SccLocalPath5 = Texxtoor.BaseLibrary.HtmlExtensions
		SccProjectUniqueName6 = Texxtoor.BaseLibrary.Mashup\\Texxtoor.BaseLibrary.Mashup.csproj
		SccProjectTopLevelParentUniqueName6 = Texxtoor.Solution.2013.sln
		SccProjectName6 = Texxtoor.BaseLibrary.Mashup
		SccLocalPath6 = Texxtoor.BaseLibrary.Mashup
		SccProjectUniqueName7 = Texxtoor.BaseLibrary.Pdf\\Texxtoor.BaseLibrary.Pdf.csproj
		SccProjectTopLevelParentUniqueName7 = Texxtoor.Solution.2013.sln
		SccProjectName7 = Texxtoor.BaseLibrary.Pdf
		SccLocalPath7 = Texxtoor.BaseLibrary.Pdf
		SccProjectUniqueName8 = Texxtoor.BaseLibrary.SqLite\\Texxtoor.BaseLibrary.SqLite.csproj
		SccProjectTopLevelParentUniqueName8 = Texxtoor.Solution.2013.sln
		SccProjectName8 = Texxtoor.BaseLibrary.SqLite
		SccLocalPath8 = Texxtoor.BaseLibrary.SqLite
		SccProjectUniqueName9 = Texxtoor.BaseLibrary.StaticResources\\Texxtoor.BaseLibrary.StaticResources.csproj
		SccProjectTopLevelParentUniqueName9 = Texxtoor.Solution.2013.sln
		SccProjectName9 = Texxtoor.BaseLibrary.StaticResources
		SccLocalPath9 = Texxtoor.BaseLibrary.StaticResources
		SccProjectUniqueName10 = Texxtoor.BaseLibrary.WordInterop\\Texxtoor.BaseLibrary.WordInterop.csproj
		SccProjectTopLevelParentUniqueName10 = Texxtoor.Solution.2013.sln
		SccProjectName10 = Texxtoor.BaseLibrary.WordInterop
		SccLocalPath10 = Texxtoor.BaseLibrary.WordInterop
		SccProjectUniqueName11 = Texxtoor.BusinessLayer.Workflows\\Texxtoor.BusinessLayer.Workflows.csproj
		SccProjectTopLevelParentUniqueName11 = Texxtoor.Solution.2013.sln
		SccProjectName11 = Texxtoor.BusinessLayer.Workflows
		SccLocalPath11 = Texxtoor.BusinessLayer.Workflows
		SccProjectUniqueName12 = Texxtoor.BusinessLayer\\Texxtoor.BusinessLayer.csproj
		SccProjectTopLevelParentUniqueName12 = Texxtoor.Solution.2013.sln
		SccProjectName12 = Texxtoor.BusinessLayer
		SccLocalPath12 = Texxtoor.BusinessLayer
		SccProjectUniqueName13 = Texxtoor.Portal\\Texxtoor.Portal.csproj
		SccProjectName13 = Texxtoor.Portal
		SccLocalPath13 = Texxtoor.Portal
		SccProjectUniqueName14 = Texxtoor.ViewModels\\Texxtoor.ViewModels.csproj
		SccProjectTopLevelParentUniqueName14 = Texxtoor.Solution.2013.sln
		SccProjectName14 = Texxtoor.ViewModels
		SccLocalPath14 = Texxtoor.ViewModels
		SccProjectUniqueName15 = Texxtoor.DataLayer\\Texxtoor.DataLayer.csproj
		SccProjectTopLevelParentUniqueName15 = Texxtoor.Solution.2013.sln
		SccProjectName15 = Texxtoor.DataLayer
		SccLocalPath15 = Texxtoor.DataLayer
		SccProjectUniqueName16 = ImportWordHtmlWinApp\\ImportFromWord.csproj
		SccProjectTopLevelParentUniqueName16 = Texxtoor.Solution.2013.sln
		SccProjectName16 = ImportWordHtmlWinApp
		SccLocalPath16 = ImportWordHtmlWinApp
	EndGlobalSection
	GlobalSection(TestCaseManagementSettings) = postSolution
		CategoryFile = Texxtoor.Solution.vsmdi
	EndGlobalSection
	GlobalSection(SubversionScc) = preSolution
		Svn-Managed = True
		Manager = AnkhSVN - Subversion Support for Visual Studio
	EndGlobalSection
EndGlobal
